
Microsoft Visual Studio Solution File, Format Version 12.00
# Visual Studio Version 17
VisualStudioVersion = 17.3.32804.467
MinimumVisualStudioVersion = 10.0.40219.1
Project("{FAE04EC0-301F-11D3-BF4B-00C04F79EFBC}") = "ReactAspCrud", "ReactAspCrud\ReactAspCrud.csproj", "{78F215E8-AAD5-45A3-B934-F6445AD123C3}"
EndProject
Global
	GlobalSection(SolutionConfigurationPlatforms) = preSolution
		Debug|Any CPU = Debug|Any CPU
		Release|Any CPU = Release|Any CPU
	EndGlobalSection
	GlobalSection(ProjectConfigurationPlatforms) = postSolution
		{78F215E8-AAD5-45A3-B934-F6445AD123C3}.Debug|Any CPU.ActiveCfg = Debug|Any CPU
		{78F215E8-AAD5-45A3-B934-F6445AD123C3}.Debug|Any CPU.Build.0 = Debug|Any CPU
		{78F215E8-AAD5-45A3-B934-F6445AD123C3}.Release|Any CPU.ActiveCfg = Release|Any CPU
		{78F215E8-AAD5-45A3-B934-F6445AD123C3}.Release|Any CPU.Build.0 = Release|Any CPU
	EndGlobalSection
	GlobalSection(SolutionProperties) = preSolution
		HideSolutionNode = FALSE
	EndGlobalSection
	GlobalSection(ExtensibilityGlobals) = postSolution
		SolutionGuid = {8269013B-7A8E-4459-B5DB-71131EE9AC1E}
	EndGlobalSection
EndGlobal
